
Microsoft Visual Studio Solution File, Format Version 12.00
# Visual Studio Version 17
VisualStudioVersion = 17.4.33213.308
MinimumVisualStudioVersion = 10.0.40219.1
Project("{FAE04EC0-301F-11D3-BF4B-00C04F79EFBC}") = "ToDo", "ToDo\ToDo.csproj", "{2D0AE357-5884-48D1-98AA-257C10DB21AE}"
EndProject
Project("{FAE04EC0-301F-11D3-BF4B-00C04F79EFBC}") = "Entities", "Entities\Entities.csproj", "{4B66369A-09EA-4E3A-8655-DF53886D3492}"
EndProject
Project("{FAE04EC0-301F-11D3-BF4B-00C04F79EFBC}") = "Contracts", "Contracts\Contracts.csproj", "{AF65294D-40B4-4740-8F50-29D5381E1A98}"
EndProject
Project("{FAE04EC0-301F-11D3-BF4B-00C04F79EFBC}") = "Repository", "Repository\Repository.csproj", "{6D2D142C-DDB6-46D9-806E-E7B707CE590E}"
EndProject
Global
	GlobalSection(SolutionConfigurationPlatforms) = preSolution
		Debug|Any CPU = Debug|Any CPU
		Release|Any CPU = Release|Any CPU
	EndGlobalSection
	GlobalSection(ProjectConfigurationPlatforms) = postSolution
		{2D0AE357-5884-48D1-98AA-257C10DB21AE}.Debug|Any CPU.ActiveCfg = Debug|Any CPU
		{2D0AE357-5884-48D1-98AA-257C10DB21AE}.Debug|Any CPU.Build.0 = Debug|Any CPU
		{2D0AE357-5884-48D1-98AA-257C10DB21AE}.Release|Any CPU.ActiveCfg = Release|Any CPU
		{2D0AE357-5884-48D1-98AA-257C10DB21AE}.Release|Any CPU.Build.0 = Release|Any CPU
		{4B66369A-09EA-4E3A-8655-DF53886D3492}.Debug|Any CPU.ActiveCfg = Debug|Any CPU
		{4B66369A-09EA-4E3A-8655-DF53886D3492}.Debug|Any CPU.Build.0 = Debug|Any CPU
		{4B66369A-09EA-4E3A-8655-DF53886D3492}.Release|Any CPU.ActiveCfg = Release|Any CPU
		{4B66369A-09EA-4E3A-8655-DF53886D3492}.Release|Any CPU.Build.0 = Release|Any CPU
		{AF65294D-40B4-4740-8F50-29D5381E1A98}.Debug|Any CPU.ActiveCfg = Debug|Any CPU
		{AF65294D-40B4-4740-8F50-29D5381E1A98}.Debug|Any CPU.Build.0 = Debug|Any CPU
		{AF65294D-40B4-4740-8F50-29D5381E1A98}.Release|Any CPU.ActiveCfg = Release|Any CPU
		{AF65294D-40B4-4740-8F50-29D5381E1A98}.Release|Any CPU.Build.0 = Release|Any CPU
		{6D2D142C-DDB6-46D9-806E-E7B707CE590E}.Debug|Any CPU.ActiveCfg = Debug|Any CPU
		{6D2D142C-DDB6-46D9-806E-E7B707CE590E}.Debug|Any CPU.Build.0 = Debug|Any CPU
		{6D2D142C-DDB6-46D9-806E-E7B707CE590E}.Release|Any CPU.ActiveCfg = Release|Any CPU
		{6D2D142C-DDB6-46D9-806E-E7B707CE590E}.Release|Any CPU.Build.0 = Release|Any CPU
	EndGlobalSection
	GlobalSection(SolutionProperties) = preSolution
		HideSolutionNode = FALSE
	EndGlobalSection
	GlobalSection(ExtensibilityGlobals) = postSolution
		SolutionGuid = {7B072F8E-6EAA-4039-BC65-26520C3BDED0}
	EndGlobalSection
EndGlobal
